
Microsoft Visual Studio Solution File, Format Version 12.00
# Visual Studio 2012
Project("{FAE04EC0-301F-11D3-BF4B-00C04F79EFBC}") = "BankAccount", "ClassLibrary2\BankAccount.csproj", "{CD9FA478-0A42-4B85-9ECB-0D6A7A42994F}"
EndProject
Global
	GlobalSection(SolutionConfigurationPlatforms) = preSolution
		Debug|Any CPU = Debug|Any CPU
		Release|Any CPU = Release|Any CPU
	EndGlobalSection
	GlobalSection(ProjectConfigurationPlatforms) = postSolution
		{CD9FA478-0A42-4B85-9ECB-0D6A7A42994F}.Debug|Any CPU.ActiveCfg = Debug|Any CPU
		{CD9FA478-0A42-4B85-9ECB-0D6A7A42994F}.Debug|Any CPU.Build.0 = Debug|Any CPU
		{CD9FA478-0A42-4B85-9ECB-0D6A7A42994F}.Release|Any CPU.ActiveCfg = Release|Any CPU
		{CD9FA478-0A42-4B85-9ECB-0D6A7A42994F}.Release|Any CPU.Build.0 = Release|Any CPU
	EndGlobalSection
	GlobalSection(SolutionProperties) = preSolution
		HideSolutionNode = FALSE
	EndGlobalSection
EndGlobal
